// !$*UTF8*$!
{
	archiveVersion = 1;
	classes = {
	};
	objectVersion = 50;
	objects = {

/* Begin PBXBuildFile section */
		D9D087712682699F0006ED43 /* AppDelegate.m in Sources */ = {isa = PBXBuildFile; fileRef = D9D087702682699F0006ED43 /* AppDelegate.m */; };
		D9D087742682699F0006ED43 /* SceneDelegate.m in Sources */ = {isa = PBXBuildFile; fileRef = D9D087732682699F0006ED43 /* SceneDelegate.m */; };
		D9D0877A2682699F0006ED43 /* Main.storyboard in Resources */ = {isa = PBXBuildFile; fileRef = D9D087782682699F0006ED43 /* Main.storyboard */; };
		D9D0877C268269A00006ED43 /* Assets.xcassets in Resources */ = {isa = PBXBuildFile; fileRef = D9D0877B268269A00006ED43 /* Assets.xcassets */; };
		D9D0877F268269A00006ED43 /* LaunchScreen.storyboard in Resources */ = {isa = PBXBuildFile; fileRef = D9D0877D268269A00006ED43 /* LaunchScreen.storyboard */; };
		D9D08782268269A00006ED43 /* main.m in Sources */ = {isa = PBXBuildFile; fileRef = D9D08781268269A00006ED43 /* main.m */; };
		D9D0878C268269A00006ED43 /* TipsterTests.m in Sources */ = {isa = PBXBuildFile; fileRef = D9D0878B268269A00006ED43 /* TipsterTests.m */; };
		D9D08797268269A00006ED43 /* TipsterUITests.m in Sources */ = {isa = PBXBuildFile; fileRef = D9D08796268269A00006ED43 /* TipsterUITests.m */; };
		D9D087A62682719C0006ED43 /* TipViewController.m in Sources */ = {isa = PBXBuildFile; fileRef = D9D087A52682719C0006ED43 /* TipViewController.m */; };
		D9D087AC268294630006ED43 /* SettingsViewController.m in Sources */ = {isa = PBXBuildFile; fileRef = D9D087AB268294630006ED43 /* SettingsViewController.m */; };
/* End PBXBuildFile section */

/* Begin PBXContainerItemProxy section */
		D9D08788268269A00006ED43 /* PBXContainerItemProxy */ = {
			isa = PBXContainerItemProxy;
			containerPortal = D9D087642682699F0006ED43 /* Project object */;
			proxyType = 1;
			remoteGlobalIDString = D9D0876B2682699F0006ED43;
			remoteInfo = Tipster;
		};
		D9D08793268269A00006ED43 /* PBXContainerItemProxy */ = {
			isa = PBXContainerItemProxy;
			containerPortal = D9D087642682699F0006ED43 /* Project object */;
			proxyType = 1;
			remoteGlobalIDString = D9D0876B2682699F0006ED43;
			remoteInfo = Tipster;
		};
/* End PBXContainerItemProxy section */

/* Begin PBXFileReference section */
		D9D0876C2682699F0006ED43 /* Tipster.app */ = {isa = PBXFileReference; explicitFileType = wrapper.application; includeInIndex = 0; path = Tipster.app; sourceTree = BUILT_PRODUCTS_DIR; };
		D9D0876F2682699F0006ED43 /* AppDelegate.h */ = {isa = PBXFileReference; lastKnownFileType = sourcecode.c.h; path = AppDelegate.h; sourceTree = "<group>"; };
		D9D087702682699F0006ED43 /* AppDelegate.m */ = {isa = PBXFileReference; lastKnownFileType = sourcecode.c.objc; path = AppDelegate.m; sourceTree = "<group>"; };
		D9D087722682699F0006ED43 /* SceneDelegate.h */ = {isa = PBXFileReference; lastKnownFileType = sourcecode.c.h; path = SceneDelegate.h; sourceTree = "<group>"; };
		D9D087732682699F0006ED43 /* SceneDelegate.m */ = {isa = PBXFileReference; lastKnownFileType = sourcecode.c.objc; path = SceneDelegate.m; sourceTree = "<group>"; };
		D9D087792682699F0006ED43 /* Base */ = {isa = PBXFileReference; lastKnownFileType = file.storyboard; name = Base; path = Base.lproj/Main.storyboard; sourceTree = "<group>"; };
		D9D0877B268269A00006ED43 /* Assets.xcassets */ = {isa = PBXFileReference; lastKnownFileType = folder.assetcatalog; path = Assets.xcassets; sourceTree = "<group>"; };
		D9D0877E268269A00006ED43 /* Base */ = {isa = PBXFileReference; lastKnownFileType = file.storyboard; name = Base; path = Base.lproj/LaunchScreen.storyboard; sourceTree = "<group>"; };
		D9D08780268269A00006ED43 /* Info.plist */ = {isa = PBXFileReference; lastKnownFileType = text.plist.xml; path = Info.plist; sourceTree = "<group>"; };
		D9D08781268269A00006ED43 /* main.m */ = {isa = PBXFileReference; lastKnownFileType = sourcecode.c.objc; path = main.m; sourceTree = "<group>"; };
		D9D08787268269A00006ED43 /* TipsterTests.xctest */ = {isa = PBXFileReference; explicitFileType = wrapper.cfbundle; includeInIndex = 0; path = TipsterTests.xctest; sourceTree = BUILT_PRODUCTS_DIR; };
		D9D0878B268269A00006ED43 /* TipsterTests.m */ = {isa = PBXFileReference; lastKnownFileType = sourcecode.c.objc; path = TipsterTests.m; sourceTree = "<group>"; };
		D9D0878D268269A00006ED43 /* Info.plist */ = {isa = PBXFileReference; lastKnownFileType = text.plist.xml; path = Info.plist; sourceTree = "<group>"; };
		D9D08792268269A00006ED43 /* TipsterUITests.xctest */ = {isa = PBXFileReference; explicitFileType = wrapper.cfbundle; includeInIndex = 0; path = TipsterUITests.xctest; sourceTree = BUILT_PRODUCTS_DIR; };
		D9D08796268269A00006ED43 /* TipsterUITests.m */ = {isa = PBXFileReference; lastKnownFileType = sourcecode.c.objc; path = TipsterUITests.m; sourceTree = "<group>"; };
		D9D08798268269A00006ED43 /* Info.plist */ = {isa = PBXFileReference; lastKnownFileType = text.plist.xml; path = Info.plist; sourceTree = "<group>"; };
		D9D087A42682719C0006ED43 /* TipViewController.h */ = {isa = PBXFileReference; lastKnownFileType = sourcecode.c.h; path = TipViewController.h; sourceTree = "<group>"; };
		D9D087A52682719C0006ED43 /* TipViewController.m */ = {isa = PBXFileReference; lastKnownFileType = sourcecode.c.objc; path = TipViewController.m; sourceTree = "<group>"; };
		D9D087AA268294630006ED43 /* SettingsViewController.h */ = {isa = PBXFileReference; lastKnownFileType = sourcecode.c.h; path = SettingsViewController.h; sourceTree = "<group>"; };
		D9D087AB268294630006ED43 /* SettingsViewController.m */ = {isa = PBXFileReference; lastKnownFileType = sourcecode.c.objc; path = SettingsViewController.m; sourceTree = "<group>"; };
/* End PBXFileReference section */

/* Begin PBXFrameworksBuildPhase section */
		D9D087692682699F0006ED43 /* Frameworks */ = {
			isa = PBXFrameworksBuildPhase;
			buildActionMask = 2147483647;
			files = (
			);
			runOnlyForDeploymentPostprocessing = 0;
		};
		D9D08784268269A00006ED43 /* Frameworks */ = {
			isa = PBXFrameworksBuildPhase;
			buildActionMask = 2147483647;
			files = (
			);
			runOnlyForDeploymentPostprocessing = 0;
		};
		D9D0878F268269A00006ED43 /* Frameworks */ = {
			isa = PBXFrameworksBuildPhase;
			buildActionMask = 2147483647;
			files = (
			);
			runOnlyForDeploymentPostprocessing = 0;
		};
/* End PBXFrameworksBuildPhase section */

/* Begin PBXGroup section */
		D9D087632682699F0006ED43 = {
			isa = PBXGroup;
			children = (
				D9D0876E2682699F0006ED43 /* Tipster */,
				D9D0878A268269A00006ED43 /* TipsterTests */,
				D9D08795268269A00006ED43 /* TipsterUITests */,
				D9D0876D2682699F0006ED43 /* Products */,
			);
			sourceTree = "<group>";
		};
		D9D0876D2682699F0006ED43 /* Products */ = {
			isa = PBXGroup;
			children = (
				D9D0876C2682699F0006ED43 /* Tipster.app */,
				D9D08787268269A00006ED43 /* TipsterTests.xctest */,
				D9D08792268269A00006ED43 /* TipsterUITests.xctest */,
			);
			name = Products;
			sourceTree = "<group>";
		};
		D9D0876E2682699F0006ED43 /* Tipster */ = {
			isa = PBXGroup;
			children = (
				D9D0876F2682699F0006ED43 /* AppDelegate.h */,
				D9D087702682699F0006ED43 /* AppDelegate.m */,
				D9D087722682699F0006ED43 /* SceneDelegate.h */,
				D9D087732682699F0006ED43 /* SceneDelegate.m */,
				D9D087782682699F0006ED43 /* Main.storyboard */,
				D9D087AA268294630006ED43 /* SettingsViewController.h */,
				D9D087AB268294630006ED43 /* SettingsViewController.m */,
				D9D087A42682719C0006ED43 /* TipViewController.h */,
				D9D087A52682719C0006ED43 /* TipViewController.m */,
				D9D0877B268269A00006ED43 /* Assets.xcassets */,
				D9D0877D268269A00006ED43 /* LaunchScreen.storyboard */,
				D9D08780268269A00006ED43 /* Info.plist */,
				D9D08781268269A00006ED43 /* main.m */,
			);
			path = Tipster;
			sourceTree = "<group>";
		};
		D9D0878A268269A00006ED43 /* TipsterTests */ = {
			isa = PBXGroup;
			children = (
				D9D0878B268269A00006ED43 /* TipsterTests.m */,
				D9D0878D268269A00006ED43 /* Info.plist */,
			);
			path = TipsterTests;
			sourceTree = "<group>";
		};
		D9D08795268269A00006ED43 /* TipsterUITests */ = {
			isa = PBXGroup;
			children = (
				D9D08796268269A00006ED43 /* TipsterUITests.m */,
				D9D08798268269A00006ED43 /* Info.plist */,
			);
			path = TipsterUITests;
			sourceTree = "<group>";
		};
/* End PBXGroup section */

/* Begin PBXNativeTarget section */
		D9D0876B2682699F0006ED43 /* Tipster */ = {
			isa = PBXNativeTarget;
			buildConfigurationList = D9D0879B268269A00006ED43 /* Build configuration list for PBXNativeTarget "Tipster" */;
			buildPhases = (
				D9D087682682699F0006ED43 /* Sources */,
				D9D087692682699F0006ED43 /* Frameworks */,
				D9D0876A2682699F0006ED43 /* Resources */,
			);
			buildRules = (
			);
			dependencies = (
			);
			name = Tipster;
			productName = Tipster;
			productReference = D9D0876C2682699F0006ED43 /* Tipster.app */;
			productType = "com.apple.product-type.application";
		};
		D9D08786268269A00006ED43 /* TipsterTests */ = {
			isa = PBXNativeTarget;
			buildConfigurationList = D9D0879E268269A00006ED43 /* Build configuration list for PBXNativeTarget "TipsterTests" */;
			buildPhases = (
				D9D08783268269A00006ED43 /* Sources */,
				D9D08784268269A00006ED43 /* Frameworks */,
				D9D08785268269A00006ED43 /* Resources */,
			);
			buildRules = (
			);
			dependencies = (
				D9D08789268269A00006ED43 /* PBXTargetDependency */,
			);
			name = TipsterTests;
			productName = TipsterTests;
			productReference = D9D08787268269A00006ED43 /* TipsterTests.xctest */;
			productType = "com.apple.product-type.bundle.unit-test";
		};
		D9D08791268269A00006ED43 /* TipsterUITests */ = {
			isa = PBXNativeTarget;
			buildConfigurationList = D9D087A1268269A00006ED43 /* Build configuration list for PBXNativeTarget "TipsterUITests" */;
			buildPhases = (
				D9D0878E268269A00006ED43 /* Sources */,
				D9D0878F268269A00006ED43 /* Frameworks */,
				D9D08790268269A00006ED43 /* Resources */,
			);
			buildRules = (
			);
			dependencies = (
				D9D08794268269A00006ED43 /* PBXTargetDependency */,
			);
			name = TipsterUITests;
			productName = TipsterUITests;
			productReference = D9D08792268269A00006ED43 /* TipsterUITests.xctest */;
			productType = "com.apple.product-type.bundle.ui-testing";
		};
/* End PBXNativeTarget section */

/* Begin PBXProject section */
		D9D087642682699F0006ED43 /* Project object */ = {
			isa = PBXProject;
			attributes = {
				LastUpgradeCheck = 1250;
				TargetAttributes = {
					D9D0876B2682699F0006ED43 = {
						CreatedOnToolsVersion = 12.5.1;
					};
					D9D08786268269A00006ED43 = {
						CreatedOnToolsVersion = 12.5.1;
						TestTargetID = D9D0876B2682699F0006ED43;
					};
					D9D08791268269A00006ED43 = {
						CreatedOnToolsVersion = 12.5.1;
						TestTargetID = D9D0876B2682699F0006ED43;
					};
				};
			};
			buildConfigurationList = D9D087672682699F0006ED43 /* Build configuration list for PBXProject "Tipster" */;
			compatibilityVersion = "Xcode 9.3";
			developmentRegion = en;
			hasScannedForEncodings = 0;
			knownRegions = (
				en,
				Base,
			);
			mainGroup = D9D087632682699F0006ED43;
			productRefGroup = D9D0876D2682699F0006ED43 /* Products */;
			projectDirPath = "";
			projectRoot = "";
			targets = (
				D9D0876B2682699F0006ED43 /* Tipster */,
				D9D08786268269A00006ED43 /* TipsterTests */,
				D9D08791268269A00006ED43 /* TipsterUITests */,
			);
		};
/* End PBXProject section */

/* Begin PBXResourcesBuildPhase section */
		D9D0876A2682699F0006ED43 /* Resources */ = {
			isa = PBXResourcesBuildPhase;
			buildActionMask = 2147483647;
			files = (
				D9D0877F268269A00006ED43 /* LaunchScreen.storyboard in Resources */,
				D9D0877C268269A00006ED43 /* Assets.xcassets in Resources */,
				D9D0877A2682699F0006ED43 /* Main.storyboard in Resources */,
			);
			runOnlyForDeploymentPostprocessing = 0;
		};
		D9D08785268269A00006ED43 /* Resources */ = {
			isa = PBXResourcesBuildPhase;
			buildActionMask = 2147483647;
			files = (
			);
			runOnlyForDeploymentPostprocessing = 0;
		};
		D9D08790268269A00006ED43 /* Resources */ = {
			isa = PBXResourcesBuildPhase;
			buildActionMask = 2147483647;
			files = (
			);
			runOnlyForDeploymentPostprocessing = 0;
		};
/* End PBXResourcesBuildPhase section */

/* Begin PBXSourcesBuildPhase section */
		D9D087682682699F0006ED43 /* Sources */ = {
			isa = PBXSourcesBuildPhase;
			buildActionMask = 2147483647;
			files = (
				D9D087712682699F0006ED43 /* AppDelegate.m in Sources */,
				D9D08782268269A00006ED43 /* main.m in Sources */,
				D9D087AC268294630006ED43 /* SettingsViewController.m in Sources */,
				D9D087A62682719C0006ED43 /* TipViewController.m in Sources */,
				D9D087742682699F0006ED43 /* SceneDelegate.m in Sources */,
			);
			runOnlyForDeploymentPostprocessing = 0;
		};
		D9D08783268269A00006ED43 /* Sources */ = {
			isa = PBXSourcesBuildPhase;
			buildActionMask = 2147483647;
			files = (
				D9D0878C268269A00006ED43 /* TipsterTests.m in Sources */,
			);
			runOnlyForDeploymentPostprocessing = 0;
		};
		D9D0878E268269A00006ED43 /* Sources */ = {
			isa = PBXSourcesBuildPhase;
			buildActionMask = 2147483647;
			files = (
				D9D08797268269A00006ED43 /* TipsterUITests.m in Sources */,
			);
			runOnlyForDeploymentPostprocessing = 0;
		};
/* End PBXSourcesBuildPhase section */

/* Begin PBXTargetDependency section */
		D9D08789268269A00006ED43 /* PBXTargetDependency */ = {
			isa = PBXTargetDependency;
			target = D9D0876B2682699F0006ED43 /* Tipster */;
			targetProxy = D9D08788268269A00006ED43 /* PBXContainerItemProxy */;
		};
		D9D08794268269A00006ED43 /* PBXTargetDependency */ = {
			isa = PBXTargetDependency;
			target = D9D0876B2682699F0006ED43 /* Tipster */;
			targetProxy = D9D08793268269A00006ED43 /* PBXContainerItemProxy */;
		};
/* End PBXTargetDependency section */

/* Begin PBXVariantGroup section */
		D9D087782682699F0006ED43 /* Main.storyboard */ = {
			isa = PBXVariantGroup;
			children = (
				D9D087792682699F0006ED43 /* Base */,
			);
			name = Main.storyboard;
			sourceTree = "<group>";
		};
		D9D0877D268269A00006ED43 /* LaunchScreen.storyboard */ = {
			isa = PBXVariantGroup;
			children = (
				D9D0877E268269A00006ED43 /* Base */,
			);
			name = LaunchScreen.storyboard;
			sourceTree = "<group>";
		};
/* End PBXVariantGroup section */

/* Begin XCBuildConfiguration section */
		D9D08799268269A00006ED43 /* Debug */ = {
			isa = XCBuildConfiguration;
			buildSettings = {
				ALWAYS_SEARCH_USER_PATHS = NO;
				CLANG_ANALYZER_NONNULL = YES;
				CLANG_ANALYZER_NUMBER_OBJECT_CONVERSION = YES_AGGRESSIVE;
				CLANG_CXX_LANGUAGE_STANDARD = "gnu++14";
				CLANG_CXX_LIBRARY = "libc++";
				CLANG_ENABLE_MODULES = YES;
				CLANG_ENABLE_OBJC_ARC = YES;
				CLANG_ENABLE_OBJC_WEAK = YES;
				CLANG_WARN_BLOCK_CAPTURE_AUTORELEASING = YES;
				CLANG_WARN_BOOL_CONVERSION = YES;
				CLANG_WARN_COMMA = YES;
				CLANG_WARN_CONSTANT_CONVERSION = YES;
				CLANG_WARN_DEPRECATED_OBJC_IMPLEMENTATIONS = YES;
				CLANG_WARN_DIRECT_OBJC_ISA_USAGE = YES_ERROR;
				CLANG_WARN_DOCUMENTATION_COMMENTS = YES;
				CLANG_WARN_EMPTY_BODY = YES;
				CLANG_WARN_ENUM_CONVERSION = YES;
				CLANG_WARN_INFINITE_RECURSION = YES;
				CLANG_WARN_INT_CONVERSION = YES;
				CLANG_WARN_NON_LITERAL_NULL_CONVERSION = YES;
				CLANG_WARN_OBJC_IMPLICIT_RETAIN_SELF = YES;
				CLANG_WARN_OBJC_LITERAL_CONVERSION = YES;
				CLANG_WARN_OBJC_ROOT_CLASS = YES_ERROR;
				CLANG_WARN_QUOTED_INCLUDE_IN_FRAMEWORK_HEADER = YES;
				CLANG_WARN_RANGE_LOOP_ANALYSIS = YES;
				CLANG_WARN_STRICT_PROTOTYPES = YES;
				CLANG_WARN_SUSPICIOUS_MOVE = YES;
				CLANG_WARN_UNGUARDED_AVAILABILITY = YES_AGGRESSIVE;
				CLANG_WARN_UNREACHABLE_CODE = YES;
				CLANG_WARN__DUPLICATE_METHOD_MATCH = YES;
				COPY_PHASE_STRIP = NO;
				DEBUG_INFORMATION_FORMAT = dwarf;
				ENABLE_STRICT_OBJC_MSGSEND = YES;
				ENABLE_TESTABILITY = YES;
				GCC_C_LANGUAGE_STANDARD = gnu11;
				GCC_DYNAMIC_NO_PIC = NO;
				GCC_NO_COMMON_BLOCKS = YES;
				GCC_OPTIMIZATION_LEVEL = 0;
				GCC_PREPROCESSOR_DEFINITIONS = (
					"DEBUG=1",
					"$(inherited)",
				);
				GCC_WARN_64_TO_32_BIT_CONVERSION = YES;
				GCC_WARN_ABOUT_RETURN_TYPE = YES_ERROR;
				GCC_WARN_UNDECLARED_SELECTOR = YES;
				GCC_WARN_UNINITIALIZED_AUTOS = YES_AGGRESSIVE;
				GCC_WARN_UNUSED_FUNCTION = YES;
				GCC_WARN_UNUSED_VARIABLE = YES;
				IPHONEOS_DEPLOYMENT_TARGET = 14.5;
				MTL_ENABLE_DEBUG_INFO = INCLUDE_SOURCE;
				MTL_FAST_MATH = YES;
				ONLY_ACTIVE_ARCH = YES;
				SDKROOT = iphoneos;
			};
			name = Debug;
		};
		D9D0879A268269A00006ED43 /* Release */ = {
			isa = XCBuildConfiguration;
			buildSettings = {
				ALWAYS_SEARCH_USER_PATHS = NO;
				CLANG_ANALYZER_NONNULL = YES;
				CLANG_ANALYZER_NUMBER_OBJECT_CONVERSION = YES_AGGRESSIVE;
				CLANG_CXX_LANGUAGE_STANDARD = "gnu++14";
				CLANG_CXX_LIBRARY = "libc++";
				CLANG_ENABLE_MODULES = YES;
				CLANG_ENABLE_OBJC_ARC = YES;
				CLANG_ENABLE_OBJC_WEAK = YES;
				CLANG_WARN_BLOCK_CAPTURE_AUTORELEASING = YES;
				CLANG_WARN_BOOL_CONVERSION = YES;
				CLANG_WARN_COMMA = YES;
				CLANG_WARN_CONSTANT_CONVERSION = YES;
				CLANG_WARN_DEPRECATED_OBJC_IMPLEMENTATIONS = YES;
				CLANG_WARN_DIRECT_OBJC_ISA_USAGE = YES_ERROR;
				CLANG_WARN_DOCUMENTATION_COMMENTS = YES;
				CLANG_WARN_EMPTY_BODY = YES;
				CLANG_WARN_ENUM_CONVERSION = YES;
				CLANG_WARN_INFINITE_RECURSION = YES;
				CLANG_WARN_INT_CONVERSION = YES;
				CLANG_WARN_NON_LITERAL_NULL_CONVERSION = YES;
				CLANG_WARN_OBJC_IMPLICIT_RETAIN_SELF = YES;
				CLANG_WARN_OBJC_LITERAL_CONVERSION = YES;
				CLANG_WARN_OBJC_ROOT_CLASS = YES_ERROR;
				CLANG_WARN_QUOTED_INCLUDE_IN_FRAMEWORK_HEADER = YES;
				CLANG_WARN_RANGE_LOOP_ANALYSIS = YES;
				CLANG_WARN_STRICT_PROTOTYPES = YES;
				CLANG_WARN_SUSPICIOUS_MOVE = YES;
				CLANG_WARN_UNGUARDED_AVAILABILITY = YES_AGGRESSIVE;
				CLANG_WARN_UNREACHABLE_CODE = YES;
				CLANG_WARN__DUPLICATE_METHOD_MATCH = YES;
				COPY_PHASE_STRIP = NO;
				DEBUG_INFORMATION_FORMAT = "dwarf-with-dsym";
				ENABLE_NS_ASSERTIONS = NO;
				ENABLE_STRICT_OBJC_MSGSEND = YES;
				GCC_C_LANGUAGE_STANDARD = gnu11;
				GCC_NO_COMMON_BLOCKS = YES;
				GCC_WARN_64_TO_32_BIT_CONVERSION = YES;
				GCC_WARN_ABOUT_RETURN_TYPE = YES_ERROR;
				GCC_WARN_UNDECLARED_SELECTOR = YES;
				GCC_WARN_UNINITIALIZED_AUTOS = YES_AGGRESSIVE;
				GCC_WARN_UNUSED_FUNCTION = YES;
				GCC_WARN_UNUSED_VARIABLE = YES;
				IPHONEOS_DEPLOYMENT_TARGET = 14.5;
				MTL_ENABLE_DEBUG_INFO = NO;
				MTL_FAST_MATH = YES;
				SDKROOT = iphoneos;
				VALIDATE_PRODUCT = YES;
			};
			name = Release;
		};
		D9D0879C268269A00006ED43 /* Debug */ = {
			isa = XCBuildConfiguration;
			buildSettings = {
				ASSETCATALOG_COMPILER_APPICON_NAME = AppIcon;
				ASSETCATALOG_COMPILER_GLOBAL_ACCENT_COLOR_NAME = AccentColor;
				CODE_SIGN_STYLE = Automatic;
				DEVELOPMENT_TEAM = G48Q633AD8;
				INFOPLIST_FILE = Tipster/Info.plist;
				IPHONEOS_DEPLOYMENT_TARGET = 14.3;
				LD_RUNPATH_SEARCH_PATHS = (
					"$(inherited)",
					"@executable_path/Frameworks",
				);
				PRODUCT_BUNDLE_IDENTIFIER = com.sabrinameng.Tipster;
				PRODUCT_NAME = "$(TARGET_NAME)";
				TARGETED_DEVICE_FAMILY = "1,2";
			};
			name = Debug;
		};
		D9D0879D268269A00006ED43 /* Release */ = {
			isa = XCBuildConfiguration;
			buildSettings = {
				ASSETCATALOG_COMPILER_APPICON_NAME = AppIcon;
				ASSETCATALOG_COMPILER_GLOBAL_ACCENT_COLOR_NAME = AccentColor;
				CODE_SIGN_STYLE = Automatic;
				DEVELOPMENT_TEAM = G48Q633AD8;
				INFOPLIST_FILE = Tipster/Info.plist;
				IPHONEOS_DEPLOYMENT_TARGET = 14.3;
				LD_RUNPATH_SEARCH_PATHS = (
					"$(inherited)",
					"@executable_path/Frameworks",
				);
				PRODUCT_BUNDLE_IDENTIFIER = com.sabrinameng.Tipster;
				PRODUCT_NAME = "$(TARGET_NAME)";
				TARGETED_DEVICE_FAMILY = "1,2";
			};
			name = Release;
		};
		D9D0879F268269A00006ED43 /* Debug */ = {
			isa = XCBuildConfiguration;
			buildSettings = {
				BUNDLE_LOADER = "$(TEST_HOST)";
				CODE_SIGN_STYLE = Automatic;
				DEVELOPMENT_TEAM = G48Q633AD8;
				INFOPLIST_FILE = TipsterTests/Info.plist;
				IPHONEOS_DEPLOYMENT_TARGET = 14.5;
				LD_RUNPATH_SEARCH_PATHS = (
					"$(inherited)",
					"@executable_path/Frameworks",
					"@loader_path/Frameworks",
				);
				PRODUCT_BUNDLE_IDENTIFIER = com.sabrinameng.TipsterTests;
				PRODUCT_NAME = "$(TARGET_NAME)";
				TARGETED_DEVICE_FAMILY = "1,2";
				TEST_HOST = "$(BUILT_PRODUCTS_DIR)/Tipster.app/Tipster";
			};
			name = Debug;
		};
		D9D087A0268269A00006ED43 /* Release */ = {
			isa = XCBuildConfiguration;
			buildSettings = {
				BUNDLE_LOADER = "$(TEST_HOST)";
				CODE_SIGN_STYLE = Automatic;
				DEVELOPMENT_TEAM = G48Q633AD8;
				INFOPLIST_FILE = TipsterTests/Info.plist;
				IPHONEOS_DEPLOYMENT_TARGET = 14.5;
				LD_RUNPATH_SEARCH_PATHS = (
					"$(inherited)",
					"@executable_path/Frameworks",
					"@loader_path/Frameworks",
				);
				PRODUCT_BUNDLE_IDENTIFIER = com.sabrinameng.TipsterTests;
				PRODUCT_NAME = "$(TARGET_NAME)";
				TARGETED_DEVICE_FAMILY = "1,2";
				TEST_HOST = "$(BUILT_PRODUCTS_DIR)/Tipster.app/Tipster";
			};
			name = Release;
		};
		D9D087A2268269A00006ED43 /* Debug */ = {
			isa = XCBuildConfiguration;
			buildSettings = {
				CODE_SIGN_STYLE = Automatic;
				DEVELOPMENT_TEAM = G48Q633AD8;
				INFOPLIST_FILE = TipsterUITests/Info.plist;
				LD_RUNPATH_SEARCH_PATHS = (
					"$(inherited)",
					"@executable_path/Frameworks",
					"@loader_path/Frameworks",
				);
				PRODUCT_BUNDLE_IDENTIFIER = com.sabrinameng.TipsterUITests;
				PRODUCT_NAME = "$(TARGET_NAME)";
				TARGETED_DEVICE_FAMILY = "1,2";
				TEST_TARGET_NAME = Tipster;
			};
			name = Debug;
		};
		D9D087A3268269A00006ED43 /* Release */ = {
			isa = XCBuildConfiguration;
			buildSettings = {
				CODE_SIGN_STYLE = Automatic;
				DEVELOPMENT_TEAM = G48Q633AD8;
				INFOPLIST_FILE = TipsterUITests/Info.plist;
				LD_RUNPATH_SEARCH_PATHS = (
					"$(inherited)",
					"@executable_path/Frameworks",
					"@loader_path/Frameworks",
				);
				PRODUCT_BUNDLE_IDENTIFIER = com.sabrinameng.TipsterUITests;
				PRODUCT_NAME = "$(TARGET_NAME)";
				TARGETED_DEVICE_FAMILY = "1,2";
				TEST_TARGET_NAME = Tipster;
			};
			name = Release;
		};
/* End XCBuildConfiguration section */

/* Begin XCConfigurationList section */
		D9D087672682699F0006ED43 /* Build configuration list for PBXProject "Tipster" */ = {
			isa = XCConfigurationList;
			buildConfigurations = (
				D9D08799268269A00006ED43 /* Debug */,
				D9D0879A268269A00006ED43 /* Release */,
			);
			defaultConfigurationIsVisible = 0;
			defaultConfigurationName = Release;
		};
		D9D0879B268269A00006ED43 /* Build configuration list for PBXNativeTarget "Tipster" */ = {
			isa = XCConfigurationList;
			buildConfigurations = (
				D9D0879C268269A00006ED43 /* Debug */,
				D9D0879D268269A00006ED43 /* Release */,
			);
			defaultConfigurationIsVisible = 0;
			defaultConfigurationName = Release;
		};
		D9D0879E268269A00006ED43 /* Build configuration list for PBXNativeTarget "TipsterTests" */ = {
			isa = XCConfigurationList;
			buildConfigurations = (
				D9D0879F268269A00006ED43 /* Debug */,
				D9D087A0268269A00006ED43 /* Release */,
			);
			defaultConfigurationIsVisible = 0;
			defaultConfigurationName = Release;
		};
		D9D087A1268269A00006ED43 /* Build configuration list for PBXNativeTarget "TipsterUITests" */ = {
			isa = XCConfigurationList;
			buildConfigurations = (
				D9D087A2268269A00006ED43 /* Debug */,
				D9D087A3268269A00006ED43 /* Release */,
			);
			defaultConfigurationIsVisible = 0;
			defaultConfigurationName = Release;
		};
/* End XCConfigurationList section */
	};
	rootObject = D9D087642682699F0006ED43 /* Project object */;
}
